
Microsoft Visual Studio Solution File, Format Version 12.00
# Visual Studio Version 17
VisualStudioVersion = 17.4.33213.308
MinimumVisualStudioVersion = 10.0.40219.1
Project("{9A19103F-16F7-4668-BE54-9A1E7A4F7556}") = "RazorPagesFilmes", "RazorPagesFilmes\RazorPagesFilmes.csproj", "{77958689-C732-471D-84DC-87E5FFD0769F}"
EndProject
Global
	GlobalSection(SolutionConfigurationPlatforms) = preSolution
		Debug|Any CPU = Debug|Any CPU
		Release|Any CPU = Release|Any CPU
	EndGlobalSection
	GlobalSection(ProjectConfigurationPlatforms) = postSolution
		{77958689-C732-471D-84DC-87E5FFD0769F}.Debug|Any CPU.ActiveCfg = Debug|Any CPU
		{77958689-C732-471D-84DC-87E5FFD0769F}.Debug|Any CPU.Build.0 = Debug|Any CPU
		{77958689-C732-471D-84DC-87E5FFD0769F}.Release|Any CPU.ActiveCfg = Release|Any CPU
		{77958689-C732-471D-84DC-87E5FFD0769F}.Release|Any CPU.Build.0 = Release|Any CPU
	EndGlobalSection
	GlobalSection(SolutionProperties) = preSolution
		HideSolutionNode = FALSE
	EndGlobalSection
	GlobalSection(ExtensibilityGlobals) = postSolution
		SolutionGuid = {7CF3A20F-D259-4C24-A412-0665AB566D32}
	EndGlobalSection
EndGlobal
